
Microsoft Visual Studio Solution File, Format Version 12.00
# Visual Studio Version 16
VisualStudioVersion = 16.0.30804.86
MinimumVisualStudioVersion = 15.0.26124.0
Project("{9A19103F-16F7-4668-BE54-9A1E7A4F7556}") = "API", "API\API.csproj", "{4C0F7D08-23AD-459C-93D1-A73965F1D9EC}"
EndProject
Project("{FAE04EC0-301F-11D3-BF4B-00C04F79EFBC}") = "StoreScanner", "StoreScanner\StoreScanner.csproj", "{26FBCB1A-2742-4DA5-AB23-E00A2A1A76FC}"
EndProject
Global
	GlobalSection(SolutionConfigurationPlatforms) = preSolution
		Debug|Any CPU = Debug|Any CPU
		Debug|x64 = Debug|x64
		Debug|x86 = Debug|x86
		Release|Any CPU = Release|Any CPU
		Release|x64 = Release|x64
		Release|x86 = Release|x86
	EndGlobalSection
	GlobalSection(ProjectConfigurationPlatforms) = postSolution
		{4C0F7D08-23AD-459C-93D1-A73965F1D9EC}.Debug|Any CPU.ActiveCfg = Debug|Any CPU
		{4C0F7D08-23AD-459C-93D1-A73965F1D9EC}.Debug|Any CPU.Build.0 = Debug|Any CPU
		{4C0F7D08-23AD-459C-93D1-A73965F1D9EC}.Debug|x64.ActiveCfg = Debug|Any CPU
		{4C0F7D08-23AD-459C-93D1-A73965F1D9EC}.Debug|x64.Build.0 = Debug|Any CPU
		{4C0F7D08-23AD-459C-93D1-A73965F1D9EC}.Debug|x86.ActiveCfg = Debug|Any CPU
		{4C0F7D08-23AD-459C-93D1-A73965F1D9EC}.Debug|x86.Build.0 = Debug|Any CPU
		{4C0F7D08-23AD-459C-93D1-A73965F1D9EC}.Release|Any CPU.ActiveCfg = Release|Any CPU
		{4C0F7D08-23AD-459C-93D1-A73965F1D9EC}.Release|Any CPU.Build.0 = Release|Any CPU
		{4C0F7D08-23AD-459C-93D1-A73965F1D9EC}.Release|x64.ActiveCfg = Release|Any CPU
		{4C0F7D08-23AD-459C-93D1-A73965F1D9EC}.Release|x64.Build.0 = Release|Any CPU
		{4C0F7D08-23AD-459C-93D1-A73965F1D9EC}.Release|x86.ActiveCfg = Release|Any CPU
		{4C0F7D08-23AD-459C-93D1-A73965F1D9EC}.Release|x86.Build.0 = Release|Any CPU
		{26FBCB1A-2742-4DA5-AB23-E00A2A1A76FC}.Debug|Any CPU.ActiveCfg = Debug|Any CPU
		{26FBCB1A-2742-4DA5-AB23-E00A2A1A76FC}.Debug|Any CPU.Build.0 = Debug|Any CPU
		{26FBCB1A-2742-4DA5-AB23-E00A2A1A76FC}.Debug|x64.ActiveCfg = Debug|Any CPU
		{26FBCB1A-2742-4DA5-AB23-E00A2A1A76FC}.Debug|x64.Build.0 = Debug|Any CPU
		{26FBCB1A-2742-4DA5-AB23-E00A2A1A76FC}.Debug|x86.ActiveCfg = Debug|Any CPU
		{26FBCB1A-2742-4DA5-AB23-E00A2A1A76FC}.Debug|x86.Build.0 = Debug|Any CPU
		{26FBCB1A-2742-4DA5-AB23-E00A2A1A76FC}.Release|Any CPU.ActiveCfg = Release|Any CPU
		{26FBCB1A-2742-4DA5-AB23-E00A2A1A76FC}.Release|Any CPU.Build.0 = Release|Any CPU
		{26FBCB1A-2742-4DA5-AB23-E00A2A1A76FC}.Release|x64.ActiveCfg = Release|Any CPU
		{26FBCB1A-2742-4DA5-AB23-E00A2A1A76FC}.Release|x64.Build.0 = Release|Any CPU
		{26FBCB1A-2742-4DA5-AB23-E00A2A1A76FC}.Release|x86.ActiveCfg = Release|Any CPU
		{26FBCB1A-2742-4DA5-AB23-E00A2A1A76FC}.Release|x86.Build.0 = Release|Any CPU
	EndGlobalSection
	GlobalSection(SolutionProperties) = preSolution
		HideSolutionNode = FALSE
	EndGlobalSection
	GlobalSection(ExtensibilityGlobals) = postSolution
		SolutionGuid = {C96E1751-C97B-4DCF-AAB6-3D3D58FE084E}
	EndGlobalSection
EndGlobal
